Microsoft Visual Studio Solution File, Format Version 11.00
# Visual Studio 2008

Project("{723B71DC-9801-4543-58BD-2F53A3E9F93F}") = "BenzModal", "Assembly-CSharp-firstpass.csproj", "{7B42115F-5735-C4E9-F3B0-ED70993DC461}"
EndProject
Project("{723B71DC-9801-4543-58BD-2F53A3E9F93F}") = "BenzModal", "Assembly-CSharp.csproj", "{F8DF7714-3610-8BB1-FDAA-5ECD82C89ADF}"
EndProject
Project("{723B71DC-9801-4543-58BD-2F53A3E9F93F}") = "BenzModal", "Assembly-CSharp-Editor.csproj", "{2F3A7DB9-30DC-5477-5EC9-FE125F46FFD7}"
EndProject
Global
	GlobalSection(SolutionConfigurationPlatforms) = preSolution
		Debug|Any CPU = Debug|Any CPU
		Release|Any CPU = Release|Any CPU
	EndGlobalSection
	GlobalSection(ProjectConfigurationPlatforms) = postSolution
		{7B42115F-5735-C4E9-F3B0-ED70993DC461}.Debug|Any CPU.ActiveCfg = Debug|Any CPU
		{7B42115F-5735-C4E9-F3B0-ED70993DC461}.Debug|Any CPU.Build.0 = Debug|Any CPU
		{7B42115F-5735-C4E9-F3B0-ED70993DC461}.Release|Any CPU.ActiveCfg = Release|Any CPU
		{7B42115F-5735-C4E9-F3B0-ED70993DC461}.Release|Any CPU.Build.0 = Release|Any CPU
		{F8DF7714-3610-8BB1-FDAA-5ECD82C89ADF}.Debug|Any CPU.ActiveCfg = Debug|Any CPU
		{F8DF7714-3610-8BB1-FDAA-5ECD82C89ADF}.Debug|Any CPU.Build.0 = Debug|Any CPU
		{F8DF7714-3610-8BB1-FDAA-5ECD82C89ADF}.Release|Any CPU.ActiveCfg = Release|Any CPU
		{F8DF7714-3610-8BB1-FDAA-5ECD82C89ADF}.Release|Any CPU.Build.0 = Release|Any CPU
		{2F3A7DB9-30DC-5477-5EC9-FE125F46FFD7}.Debug|Any CPU.ActiveCfg = Debug|Any CPU
		{2F3A7DB9-30DC-5477-5EC9-FE125F46FFD7}.Debug|Any CPU.Build.0 = Debug|Any CPU
		{2F3A7DB9-30DC-5477-5EC9-FE125F46FFD7}.Release|Any CPU.ActiveCfg = Release|Any CPU
		{2F3A7DB9-30DC-5477-5EC9-FE125F46FFD7}.Release|Any CPU.Build.0 = Release|Any CPU
	EndGlobalSection
	GlobalSection(SolutionProperties) = preSolution
		HideSolutionNode = FALSE
	EndGlobalSection
	GlobalSection(MonoDevelopProperties) = preSolution
		StartupItem = Assembly-CSharp.csproj
	EndGlobalSection
EndGlobal
